
Microsoft Visual Studio Solution File, Format Version 12.00
# Visual Studio Version 16
VisualStudioVersion = 16.0.31129.286
MinimumVisualStudioVersion = 10.0.40219.1
Project("{FAE04EC0-301F-11D3-BF4B-00C04F79EFBC}") = "TwojDentysta", "TwojDentysta\TwojDentysta.csproj", "{1A828DFB-2B50-4D2E-84D9-AE90074B8474}"
EndProject
Project("{E53339B2-1760-4266-BCC7-CA923CBCF16C}") = "docker-compose", "docker-compose.dcproj", "{3634E411-EC55-43A2-AD5B-A6A4051FDA25}"
EndProject
Global
	GlobalSection(SolutionConfigurationPlatforms) = preSolution
		Debug|Any CPU = Debug|Any CPU
		Release|Any CPU = Release|Any CPU
	EndGlobalSection
	GlobalSection(ProjectConfigurationPlatforms) = postSolution
		{1A828DFB-2B50-4D2E-84D9-AE90074B8474}.Debug|Any CPU.ActiveCfg = Debug|Any CPU
		{1A828DFB-2B50-4D2E-84D9-AE90074B8474}.Debug|Any CPU.Build.0 = Debug|Any CPU
		{1A828DFB-2B50-4D2E-84D9-AE90074B8474}.Release|Any CPU.ActiveCfg = Release|Any CPU
		{1A828DFB-2B50-4D2E-84D9-AE90074B8474}.Release|Any CPU.Build.0 = Release|Any CPU
		{3634E411-EC55-43A2-AD5B-A6A4051FDA25}.Debug|Any CPU.ActiveCfg = Debug|Any CPU
		{3634E411-EC55-43A2-AD5B-A6A4051FDA25}.Debug|Any CPU.Build.0 = Debug|Any CPU
		{3634E411-EC55-43A2-AD5B-A6A4051FDA25}.Release|Any CPU.ActiveCfg = Release|Any CPU
		{3634E411-EC55-43A2-AD5B-A6A4051FDA25}.Release|Any CPU.Build.0 = Release|Any CPU
	EndGlobalSection
	GlobalSection(SolutionProperties) = preSolution
		HideSolutionNode = FALSE
	EndGlobalSection
	GlobalSection(ExtensibilityGlobals) = postSolution
		SolutionGuid = {3F8EF45F-AA39-42C3-9908-758E276AF5EE}
	EndGlobalSection
EndGlobal
